{
  "nodes": {
    "nixpkgs": {
      "locked": {
        "lastModified": 1791179034,
        "narHash": "sha256-Ni0LBydzaCi8oek12r4mVreuFHqYlM1eTD6SfiENKfw=",
        "owner": "NixOS",
        "repo": "nixpkgs",
        "rev": "494ce7fd23ff6a5dff39e1fb11e9b6f2ac74bf25",
        "type": "github"
      },
      "original": {
        "owner": "NixOS",
        "repo": "nixpkgs",
        "rev": "494ce7fd23ff6a5dff39e1fb11e9b6f2ac74bf25",
        "type": "github"
      }
    },
    "nixpkgs-go": {
      "locked": {
        "lastModified": 1791476212,
        "narHash": "sha256-eyAGCckuYqKz0aV3P0iCuo9z/0UrWA+xnehWN/UDXYo=",
        "owner": "NixOS",
        "repo": "nixpkgs",
        "rev": "4b4931b2f5d285574aa1fbdbbf58e6aab595d31c",
        "type": "github"
      },
      "original": {
        "owner": "NixOS",
        "repo": "nixpkgs",
        "rev": "4b4931b2f5d285574aa1fbdbbf58e6aab595d31c",
        "type": "github"
      }
    },
    "root": {
      "inputs": {
        "nixpkgs": "nixpkgs",
        "nixpkgs-go": "nixpkgs-go"
      }
    }
  },
  "root": "root",
  "version": 7
}
