{
  "nodes": {
    "nixpkgs": {
      "locked": {
        "lastModified": 1791179034,
        "narHash": "sha256-Ni0LBydzaCi8oek12r4mVreuFHqYlM1eTD6SfiENKfw=",
        "owner": "NixOS",
        "repo": "nixpkgs",
        "rev": "494ce7fd23ff6a5dff39e1fb11e9b6f2ac74bf25",
        "type": "github"
      },
      "original": {
        "owner": "NixOS",
        "repo": "nixpkgs",
        "rev": "494ce7fd23ff6a5dff39e1fb11e9b6f2ac74bf25",
        "type": "github"
      }
    },
    "nixpkgs-go": {
      "locked": {
        "lastModified": 1791492955,
        "narHash": "sha256-xHuzdf865WilQC1s7SOR55zGLCQ083QXRf49lqwQCjI=",
        "owner": "NixOS",
        "repo": "nixpkgs",
        "rev": "423bc95d0ed475b23dada7d1f9a6a6b66e9bede3",
        "type": "github"
      },
      "original": {
        "owner": "NixOS",
        "repo": "nixpkgs",
        "rev": "423bc95d0ed475b23dada7d1f9a6a6b66e9bede3",
        "type": "github"
      }
    },
    "root": {
      "inputs": {
        "nixpkgs": "nixpkgs",
        "nixpkgs-go": "nixpkgs-go"
      }
    }
  },
  "root": "root",
  "version": 7
}
